{
  "name": "detritus-client-socket",
  "version": "0.9.0-beta.8",
  "lockfileVersion": 3,
  "requires": true,
  "packages": {
    "": {
      "name": "detritus-client-socket",
      "version": "0.9.0-beta.8",
      "license": "MIT",
      "dependencies": {
        "@hpke/core": "^1.7.2",
        "@noble/curves": "^1.9.1",
        "@snazzah/davey": "^0.1.9",
        "detritus-utils": "^0.5.0-beta.1",
        "libsodium-wrappers": "^0.7.15",
        "ws": "^8.21.1"
      },
      "devDependencies": {
        "@types/node": "^26.1.2",
        "typedoc": "^0.28.20"
      },
      "peerDependencies": {
        "erlpack": "^0.1.4",
        "uws": "^10.148.1"
      },
      "peerDependenciesMeta": {
        "erlpack": {
          "optional": true
        },
        "libsodium-wrappers": {
          "optional": true
        },
        "sodium": {
          "optional": true
        },
        "tweetnacl": {
          "optional": true
        },
        "uws": {
          "optional": true
        }
      }
    },
    "node_modules/@emnapi/core": {
      "version": "1.11.3",
      "resolved": "https://registry.npmjs.org/@emnapi/core/-/core-1.11.3.tgz",
      "integrity": "sha512-zLpS5asjEb7lq8jYLq37N6XKaE41DIexlY1rF/z4/tIl3wo13Sqm28fRyfIsKZD+NZ8mM5RoKkpW/rBcuoSZSg==",
      "license": "MIT",
      "optional": true,
      "peer": true,
      "dependencies": {
        "@emnapi/wasi-threads": "1.2.3",
        "tslib": "^2.4.0"
      }
    },
    "node_modules/@emnapi/runtime": {
      "version": "1.11.3",
      "resolved": "https://registry.npmjs.org/@emnapi/runtime/-/runtime-1.11.3.tgz",
      "integrity": "sha512-Xz4Tpyki7XyrpbUK1jR1AhdAdaXyhhY4lZ3neLodmhpuWfy2PAQN5B46sAiU4liOXGLkHypn/qU+jvfWSCYYLA==",
      "license": "MIT",
      "optional": true,
      "peer": true,
      "dependencies": {
        "tslib": "^2.4.0"
      }
    },
    "node_modules/@emnapi/wasi-threads": {
      "version": "1.2.3",
      "resolved": "https://registry.npmjs.org/@emnapi/wasi-threads/-/wasi-threads-1.2.3.tgz",
      "integrity": "sha512-ELEBe8PsLvvJ6QMr0zLt8ffvOHW/dc1m3CEzNMg7aJUv3bMaoDtw2TXyDAwkYBuroxxuHEwhRTLJSe5sya547g==",
      "license": "MIT",
      "optional": true,
      "peer": true,
      "dependencies": {
        "tslib": "^2.4.0"
      }
    },
    "node_modules/@gerrit0/mini-shiki": {
      "version": "3.23.0",
      "resolved": "https://registry.npmjs.org/@gerrit0/mini-shiki/-/mini-shiki-3.23.0.tgz",
      "integrity": "sha512-bEMORlG0cqdjVyCEuU0cDQbORWX+kYCeo0kV1lbxF5bt4r7SID2l9bqsxJEM0zndaxpOUT7riCyIVEuqq/Ynxg==",
      "dev": true,
      "license": "MIT",
      "dependencies": {
        "@shikijs/engine-oniguruma": "^3.23.0",
        "@shikijs/langs": "^3.23.0",
        "@shikijs/themes": "^3.23.0",
        "@shikijs/types": "^3.23.0",
        "@shikijs/vscode-textmate": "^10.0.2"
      }
    },
    "node_modules/@hpke/common": {
      "version": "1.10.1",
      "resolved": "https://registry.npmjs.org/@hpke/common/-/common-1.10.1.tgz",
      "integrity": "sha512-moJwhmtLtuxiUzzNp1jpfBfx8yefKoO9D/RCR9dmwrnc7qjJqId1rEtQz+lSlU5cabX8daToMSx/7HayXOiaFw==",
      "license": "MIT",
      "engines": {
        "node": ">=16.0.0"
      }
    },
    "node_modules/@hpke/core": {
      "version": "1.9.0",
      "resolved": "https://registry.npmjs.org/@hpke/core/-/core-1.9.0.tgz",
      "integrity": "sha512-pFxWl1nNJeQCSUFs7+GAblHvXBCjn9EPN65vdKlYQil2aURaRxfGMO6vBKGqm1YHTKwiAxJQNEI70PbSowMP9Q==",
      "license": "MIT",
      "dependencies": {
        "@hpke/common": "^1.10.0"
      },
      "engines": {
        "node": ">=16.0.0"
      }
    },
    "node_modules/@napi-rs/wasm-runtime": {
      "version": "1.2.3",
      "resolved": "https://registry.npmjs.org/@napi-rs/wasm-runtime/-/wasm-runtime-1.2.3.tgz",
      "integrity": "sha512-UMduMbqO5s5zF2NkNacMT/yK5Y5QiKvWr2+50bzIIxFDwVJ2h49b+oyjaCGPhJxd2/gC2x39EHv/gHVuu36x2Q==",
      "license": "MIT",
      "optional": true,
      "dependencies": {
        "@tybys/wasm-util": "^0.10.3"
      },
      "engines": {
        "node": "^20.19.0 || ^22.13.0 || >=23.5.0"
      },
      "funding": {
        "type": "github",
        "url": "https://github.com/sponsors/Brooooooklyn"
      },
      "peerDependencies": {
        "@emnapi/core": "^1.7.1 || ^2.0.0-alpha.4",
        "@emnapi/runtime": "^1.7.1 || ^2.0.0-alpha.4"
      }
    },
    "node_modules/@noble/curves": {
      "version": "1.9.7",
      "resolved": "https://registry.npmjs.org/@noble/curves/-/curves-1.9.7.tgz",
      "integrity": "sha512-gbKGcRUYIjA3/zCCNaWDciTMFI0dCkvou3TL8Zmy5Nc7sJ47a0jtOeZoTaMxkuqRo9cRhjOdZJXegxYE5FN/xw==",
      "license": "MIT",
      "dependencies": {
        "@noble/hashes": "1.8.0"
      },
      "engines": {
        "node": "^14.21.3 || >=16"
      },
      "funding": {
        "url": "https://paulmillr.com/funding/"
      }
    },
    "node_modules/@noble/hashes": {
      "version": "1.8.0",
      "resolved": "https://registry.npmjs.org/@noble/hashes/-/hashes-1.8.0.tgz",
      "integrity": "sha512-jCs9ldd7NwzpgXDIf6P3+NrHh9/sD6CQdxHyjQI+h/6rDNo88ypBxxz45UDuZHz9r3tNz7N/VInSVoVdtXEI4A==",
      "license": "MIT",
      "engines": {
        "node": "^14.21.3 || >=16"
      },
      "funding": {
        "url": "https://paulmillr.com/funding/"
      }
    },
    "node_modules/@shikijs/engine-oniguruma": {
      "version": "3.23.0",
      "resolved": "https://registry.npmjs.org/@shikijs/engine-oniguruma/-/engine-oniguruma-3.23.0.tgz",
      "integrity": "sha512-1nWINwKXxKKLqPibT5f4pAFLej9oZzQTsby8942OTlsJzOBZ0MWKiwzMsd+jhzu8YPCHAswGnnN1YtQfirL35g==",
      "dev": true,
      "license": "MIT",
      "dependencies": {
        "@shikijs/types": "3.23.0",
        "@shikijs/vscode-textmate": "^10.0.2"
      }
    },
    "node_modules/@shikijs/langs": {
      "version": "3.23.0",
      "resolved": "https://registry.npmjs.org/@shikijs/langs/-/langs-3.23.0.tgz",
      "integrity": "sha512-2Ep4W3Re5aB1/62RSYQInK9mM3HsLeB91cHqznAJMuylqjzNVAVCMnNWRHFtcNHXsoNRayP9z1qj4Sq3nMqYXg==",
      "dev": true,
      "license": "MIT",
      "dependencies": {
        "@shikijs/types": "3.23.0"
      }
    },
    "node_modules/@shikijs/themes": {
      "version": "3.23.0",
      "resolved": "https://registry.npmjs.org/@shikijs/themes/-/themes-3.23.0.tgz",
      "integrity": "sha512-5qySYa1ZgAT18HR/ypENL9cUSGOeI2x+4IvYJu4JgVJdizn6kG4ia5Q1jDEOi7gTbN4RbuYtmHh0W3eccOrjMA==",
      "dev": true,
      "license": "MIT",
      "dependencies": {
        "@shikijs/types": "3.23.0"
      }
    },
    "node_modules/@shikijs/types": {
      "version": "3.23.0",
      "resolved": "https://registry.npmjs.org/@shikijs/types/-/types-3.23.0.tgz",
      "integrity": "sha512-3JZ5HXOZfYjsYSk0yPwBrkupyYSLpAE26Qc0HLghhZNGTZg/SKxXIIgoxOpmmeQP0RRSDJTk1/vPfw9tbw+jSQ==",
      "dev": true,
      "license": "MIT",
      "dependencies": {
        "@shikijs/vscode-textmate": "^10.0.2",
        "@types/hast": "^3.0.4"
      }
    },
    "node_modules/@shikijs/vscode-textmate": {
      "version": "10.0.2",
      "resolved": "https://registry.npmjs.org/@shikijs/vscode-textmate/-/vscode-textmate-10.0.2.tgz",
      "integrity": "sha512-83yeghZ2xxin3Nj8z1NMd/NCuca+gsYXswywDy5bHvwlWL8tpTQmzGeUuHd9FC3E/SBEMvzJRwWEOz5gGes9Qg==",
      "dev": true,
      "license": "MIT"
    },
    "node_modules/@snazzah/davey": {
      "version": "0.1.12",
      "resolved": "https://registry.npmjs.org/@snazzah/davey/-/davey-0.1.12.tgz",
      "integrity": "sha512-V+NlX5931RwVamZhhEfZekMdcvXDKdMAmHW1AuGaykVQsNyBOq3bpmGpoKRBDCYgFWKIufJ0Dcg3m4cYhvUy6g==",
      "license": "MIT",
      "engines": {
        "node": ">= 10"
      },
      "funding": {
        "url": "https://github.com/sponsors/Snazzah"
      },
      "optionalDependencies": {
        "@snazzah/davey-android-arm-eabi": "0.1.12",
        "@snazzah/davey-android-arm64": "0.1.12",
        "@snazzah/davey-darwin-arm64": "0.1.12",
        "@snazzah/davey-darwin-x64": "0.1.12",
        "@snazzah/davey-freebsd-x64": "0.1.12",
        "@snazzah/davey-linux-arm-gnueabihf": "0.1.12",
        "@snazzah/davey-linux-arm64-gnu": "0.1.12",
        "@snazzah/davey-linux-arm64-musl": "0.1.12",
        "@snazzah/davey-linux-x64-gnu": "0.1.12",
        "@snazzah/davey-linux-x64-musl": "0.1.12",
        "@snazzah/davey-wasm32-wasi": "0.1.12",
        "@snazzah/davey-win32-arm64-msvc": "0.1.12",
        "@snazzah/davey-win32-ia32-msvc": "0.1.12",
        "@snazzah/davey-win32-x64-msvc": "0.1.12"
      }
    },
    "node_modules/@snazzah/davey-android-arm-eabi": {
      "version": "0.1.12",
      "resolved": "https://registry.npmjs.org/@snazzah/davey-android-arm-eabi/-/davey-android-arm-eabi-0.1.12.tgz",
      "integrity": "sha512-6VC/an+Sx5dI5skb+90rYcIB1jhm48Rl0nDaw0UNT4bz1rMjpVfmmZqeocYXMq96IdbBMlE6OTKGcBm2C3gkQg==",
      "cpu": [
        "arm"
      ],
      "license": "MIT",
      "optional": true,
      "os": [
        "android"
      ],
      "engines": {
        "node": ">= 10"
      }
    },
    "node_modules/@snazzah/davey-android-arm64": {
      "version": "0.1.12",
      "resolved": "https://registry.npmjs.org/@snazzah/davey-android-arm64/-/davey-android-arm64-0.1.12.tgz",
      "integrity": "sha512-0Bwd03/JsTFhlPhF4q/LW0RxSzntFpQdhz+TBdFljYSg8IEyA38saPJeTNjpIgDfhAumPzvhCdfS6O5qT8yXDw==",
      "cpu": [
        "arm64"
      ],
      "license": "MIT",
      "optional": true,
      "os": [
        "android"
      ],
      "engines": {
        "node": ">= 10"
      }
    },
    "node_modules/@snazzah/davey-darwin-arm64": {
      "version": "0.1.12",
      "resolved": "https://registry.npmjs.org/@snazzah/davey-darwin-arm64/-/davey-darwin-arm64-0.1.12.tgz",
      "integrity": "sha512-lKMV6ITi9BQLt0fx/pAT7M8xcojVK7bryVJGdaW3bq8gABFslS3ti/KzrWabQvhpEV71FZe5mV0UcKHFVaTsZw==",
      "cpu": [
        "arm64"
      ],
      "license": "MIT",
      "optional": true,
      "os": [
        "darwin"
      ],
      "engines": {
        "node": ">= 10"
      }
    },
    "node_modules/@snazzah/davey-darwin-x64": {
      "version": "0.1.12",
      "resolved": "https://registry.npmjs.org/@snazzah/davey-darwin-x64/-/davey-darwin-x64-0.1.12.tgz",
      "integrity": "sha512-vXXc/eW/e3TQeb7VsdtrPqs3/22j0aSqiP1ZXmZtDjQRBwgSxwItWYa6sh5MELP2EHB2igNlGzB6Hc0XlbGi4g==",
      "cpu": [
        "x64"
      ],
      "license": "MIT",
      "optional": true,
      "os": [
        "darwin"
      ],
      "engines": {
        "node": ">= 10"
      }
    },
    "node_modules/@snazzah/davey-freebsd-x64": {
      "version": "0.1.12",
      "resolved": "https://registry.npmjs.org/@snazzah/davey-freebsd-x64/-/davey-freebsd-x64-0.1.12.tgz",
      "integrity": "sha512-G1gas5HrC4Xp3mRY0+OeAqXS6fG2tRgBEc8gQh69Hw4YK9RV9mzQKcmoKMkBM72U1+2C+2u57dolnKKzwozByQ==",
      "cpu": [
        "x64"
      ],
      "license": "MIT",
      "optional": true,
      "os": [
        "freebsd"
      ],
      "engines": {
        "node": ">= 10"
      }
    },
    "node_modules/@snazzah/davey-linux-arm-gnueabihf": {
      "version": "0.1.12",
      "resolved": "https://registry.npmjs.org/@snazzah/davey-linux-arm-gnueabihf/-/davey-linux-arm-gnueabihf-0.1.12.tgz",
      "integrity": "sha512-97Fujh82r2Ll7dPZeNuoZ3yKfsqycf3c93OWXOo/ThNL/18Onl2Ht4SIvpX6VHhfeS9bDpHJ1lHCaz1b/i5ocw==",
      "cpu": [
        "arm"
      ],
      "license": "MIT",
      "optional": true,
      "os": [
        "linux"
      ],
      "engines": {
        "node": ">= 10"
      }
    },
    "node_modules/@snazzah/davey-linux-arm64-gnu": {
      "version": "0.1.12",
      "resolved": "https://registry.npmjs.org/@snazzah/davey-linux-arm64-gnu/-/davey-linux-arm64-gnu-0.1.12.tgz",
      "integrity": "sha512-FWyAOv52cHKDM4BOsmImKKogHFvqNFoXmZcicNJbX3XpVl8Mas88ZoXQ+IA5V+qc9pNtAl1MbWwEZ9JrqAQtbg==",
      "cpu": [
        "arm64"
      ],
      "libc": [
        "glibc"
      ],
      "license": "MIT",
      "optional": true,
      "os": [
        "linux"
      ],
      "engines": {
        "node": ">= 10"
      }
    },
    "node_modules/@snazzah/davey-linux-arm64-musl": {
      "version": "0.1.12",
      "resolved": "https://registry.npmjs.org/@snazzah/davey-linux-arm64-musl/-/davey-linux-arm64-musl-0.1.12.tgz",
      "integrity": "sha512-ptRbLSQxtV6EjXppS5z7qaPDI0NRKhrkJYsTlAjEghmOvlAObozSCYYnMO6nbkt6Ab3+lWqyahClzcRNcD2ouw==",
      "cpu": [
        "arm64"
      ],
      "libc": [
        "musl"
      ],
      "license": "MIT",
      "optional": true,
      "os": [
        "linux"
      ],
      "engines": {
        "node": ">= 10"
      }
    },
    "node_modules/@snazzah/davey-linux-x64-gnu": {
      "version": "0.1.12",
      "resolved": "https://registry.npmjs.org/@snazzah/davey-linux-x64-gnu/-/davey-linux-x64-gnu-0.1.12.tgz",
      "integrity": "sha512-w86fZvhJn0ErOoAQHt2UbQ95V/cgwvfvQ4GlTPQLCzt58nn+rLlXLgPn90qYlSQrZxFW38rKXwqVOMbm9p+pwQ==",
      "cpu": [
        "x64"
      ],
      "libc": [
        "glibc"
      ],
      "license": "MIT",
      "optional": true,
      "os": [
        "linux"
      ],
      "engines": {
        "node": ">= 10"
      }
    },
    "node_modules/@snazzah/davey-linux-x64-musl": {
      "version": "0.1.12",
      "resolved": "https://registry.npmjs.org/@snazzah/davey-linux-x64-musl/-/davey-linux-x64-musl-0.1.12.tgz",
      "integrity": "sha512-LLNnO+hfG41ymeI+O1YHo5/0h3aKaetUNLdkBwpdJsjoyKMXZaeCnB+aHNkkupJCMPmWS0g6iPMCHUOqZSBcTg==",
      "cpu": [
        "x64"
      ],
      "libc": [
        "musl"
      ],
      "license": "MIT",
      "optional": true,
      "os": [
        "linux"
      ],
      "engines": {
        "node": ">= 10"
      }
    },
    "node_modules/@snazzah/davey-wasm32-wasi": {
      "version": "0.1.12",
      "resolved": "https://registry.npmjs.org/@snazzah/davey-wasm32-wasi/-/davey-wasm32-wasi-0.1.12.tgz",
      "integrity": "sha512-MPKFuqYVkDFXheR7qmtEY4FWxQ/ADfgsCojQWHi13sibUqCTR9q2F1LqNn2i9IVh3sh1sxeg87fdFMCH63pl7g==",
      "cpu": [
        "wasm32"
      ],
      "license": "MIT",
      "optional": true,
      "dependencies": {
        "@napi-rs/wasm-runtime": "^1.1.5"
      },
      "engines": {
        "node": ">=14.0.0"
      }
    },
    "node_modules/@snazzah/davey-win32-arm64-msvc": {
      "version": "0.1.12",
      "resolved": "https://registry.npmjs.org/@snazzah/davey-win32-arm64-msvc/-/davey-win32-arm64-msvc-0.1.12.tgz",
      "integrity": "sha512-Uf4OYHyfbXpzyaOqIV8/h6kv166Qni5+Bxmc1E/ov4uhhKO8qXbOky8zbVOzu0U4cv5ll3s4IQ8jDAJkx/K75Q==",
      "cpu": [
        "arm64"
      ],
      "license": "MIT",
      "optional": true,
      "os": [
        "win32"
      ],
      "engines": {
        "node": ">= 10"
      }
    },
    "node_modules/@snazzah/davey-win32-ia32-msvc": {
      "version": "0.1.12",
      "resolved": "https://registry.npmjs.org/@snazzah/davey-win32-ia32-msvc/-/davey-win32-ia32-msvc-0.1.12.tgz",
      "integrity": "sha512-nRVbKTsb2ldcPI8D4BDA7P/UeiMEMvR+wYuUMp7H1pRD/3dF2hKo+MzUU+Pn78EhuYA3CWHItiAcS/GsPld67A==",
      "cpu": [
        "ia32"
      ],
      "license": "MIT",
      "optional": true,
      "os": [
        "win32"
      ],
      "engines": {
        "node": ">= 10"
      }
    },
    "node_modules/@snazzah/davey-win32-x64-msvc": {
      "version": "0.1.12",
      "resolved": "https://registry.npmjs.org/@snazzah/davey-win32-x64-msvc/-/davey-win32-x64-msvc-0.1.12.tgz",
      "integrity": "sha512-AgUA3itPDVkxQq7RIkgE1thCiWePwWjyfOZefBBxGIlMWpRUOSwF4vY9kNLnrScyJcFULdR+Zm8PwiwV8/RKnw==",
      "cpu": [
        "x64"
      ],
      "license": "MIT",
      "optional": true,
      "os": [
        "win32"
      ],
      "engines": {
        "node": ">= 10"
      }
    },
    "node_modules/@tybys/wasm-util": {
      "version": "0.10.3",
      "resolved": "https://registry.npmjs.org/@tybys/wasm-util/-/wasm-util-0.10.3.tgz",
      "integrity": "sha512-F3fo1MYrRJYL3zER0OUOmkutjr1Vp23m7OsSgp7nq4SP6OqX6C/56XFIPAl5bt3zaBRjmW7SGz3u/6LwFpYcOg==",
      "license": "MIT",
      "optional": true,
      "dependencies": {
        "tslib": "^2.4.0"
      }
    },
    "node_modules/@types/hast": {
      "version": "3.0.5",
      "resolved": "https://registry.npmjs.org/@types/hast/-/hast-3.0.5.tgz",
      "integrity": "sha512-rp/ezSWaD1m44dPKICGhiskI13nVr7qTloFwDa/IYkhhf5nzwP+zIQcIJh3WIFSBOy/H1PzB40jPjMDksN4F+g==",
      "dev": true,
      "license": "MIT",
      "dependencies": {
        "@types/unist": "*"
      }
    },
    "node_modules/@types/node": {
      "version": "26.2.0",
      "resolved": "https://registry.npmjs.org/@types/node/-/node-26.2.0.tgz",
      "integrity": "sha512-5IviulTZeRNp2vAJ514cc/HUlY5nZ9fCbq9DMyC52BrhFZACo3nI0R7qBxhQmo/d27NFe96ur/b7Wwxklda+kg==",
      "dev": true,
      "license": "MIT",
      "dependencies": {
        "undici-types": "~8.3.0"
      }
    },
    "node_modules/@types/unist": {
      "version": "3.0.3",
      "resolved": "https://registry.npmjs.org/@types/unist/-/unist-3.0.3.tgz",
      "integrity": "sha512-ko/gIFJRv177XgZsZcBwnqJN5x/Gien8qNOn0D5bQU/zAzVf9Zt3BlcUiLqhV9y4ARk0GbT3tnUiPNgnTXzc/Q==",
      "dev": true,
      "license": "MIT"
    },
    "node_modules/argparse": {
      "version": "2.0.1",
      "resolved": "https://registry.npmjs.org/argparse/-/argparse-2.0.1.tgz",
      "integrity": "sha512-8+9WqebbFzpX9OR+Wa6O29asIogeRMzcGtAINdpMHHyAg10f05aSFVBbcEqGf/PXw1EjAZ+q2/bEBg3DvurK3Q==",
      "dev": true,
      "license": "Python-2.0"
    },
    "node_modules/balanced-match": {
      "version": "4.0.4",
      "resolved": "https://registry.npmjs.org/balanced-match/-/balanced-match-4.0.4.tgz",
      "integrity": "sha512-BLrgEcRTwX2o6gGxGOCNyMvGSp35YofuYzw9h1IMTRmKqttAZZVU67bdb9Pr2vUHA8+j3i2tJfjO6C6+4myGTA==",
      "dev": true,
      "license": "MIT",
      "engines": {
        "node": "18 || 20 || >=22"
      }
    },
    "node_modules/brace-expansion": {
      "version": "5.0.9",
      "resolved": "https://registry.npmjs.org/brace-expansion/-/brace-expansion-5.0.9.tgz",
      "integrity": "sha512-ScQ4IuvIEF1TMlP7Zt+vjJ//9zlPb2SDcxWxM3bk8s6t6GGdJ7KO1dCcTidOPJKePW30LE/2cT7wCyPho9/Wxg==",
      "dev": true,
      "license": "MIT",
      "dependencies": {
        "balanced-match": "^4.0.2"
      },
      "engines": {
        "node": "20 || >=22"
      }
    },
    "node_modules/detritus-utils": {
      "version": "0.5.0-beta.2",
      "resolved": "https://registry.npmjs.org/detritus-utils/-/detritus-utils-0.5.0-beta.2.tgz",
      "integrity": "sha512-gBq20DRna6huqJrvJelgiIY7b++pI8wj+fVKJSIbZ7EcNFIVWkbLMJfpRSXtml9qbN4BxeU1ujYCUtU4tbWEvg==",
      "license": "MIT",
      "peerDependencies": {
        "eventemitter3": "^5.0.4"
      },
      "peerDependenciesMeta": {
        "eventemitter3": {
          "optional": true
        }
      }
    },
    "node_modules/entities": {
      "version": "4.5.0",
      "resolved": "https://registry.npmjs.org/entities/-/entities-4.5.0.tgz",
      "integrity": "sha512-V0hjH4dGPh9Ao5p0MoRY6BVqtwCjhz6vI5LT8AJ55H+4g9/4vbHx1I54fS0XuclLhDHArPQCiMjDxjaL8fPxhw==",
      "dev": true,
      "license": "BSD-2-Clause",
      "engines": {
        "node": ">=0.12"
      },
      "funding": {
        "url": "https://github.com/fb55/entities?sponsor=1"
      }
    },
    "node_modules/libsodium": {
      "version": "0.7.16",
      "resolved": "https://registry.npmjs.org/libsodium/-/libsodium-0.7.16.tgz",
      "integrity": "sha512-3HrzSPuzm6Yt9aTYCDxYEG8x8/6C0+ag655Y7rhhWZM9PT4NpdnbqlzXhGZlDnkgR6MeSTnOt/VIyHLs9aSf+Q==",
      "license": "ISC"
    },
    "node_modules/libsodium-wrappers": {
      "version": "0.7.16",
      "resolved": "https://registry.npmjs.org/libsodium-wrappers/-/libsodium-wrappers-0.7.16.tgz",
      "integrity": "sha512-Gtr/WBx4dKjvRL1pvfwZqu7gO6AfrQ0u9vFL+kXihtHf6NfkROR8pjYWn98MFDI3jN19Ii1ZUfPR9afGiPyfHg==",
      "license": "ISC",
      "dependencies": {
        "libsodium": "^0.7.16"
      }
    },
    "node_modules/linkify-it": {
      "version": "5.0.2",
      "resolved": "https://registry.npmjs.org/linkify-it/-/linkify-it-5.0.2.tgz",
      "integrity": "sha512-ONTm2jCMAVZjgQa/Fy1kScXsuOoF5NPTsoFBdE1KVIZ2vAh/r9+Bqo+0jINCBYnavTPQZz38QzFTme79ENoN3Q==",
      "dev": true,
      "funding": [
        {
          "type": "github",
          "url": "https://github.com/sponsors/puzrin"
        },
        {
          "type": "github",
          "url": "https://github.com/sponsors/markdown-it"
        }
      ],
      "license": "MIT",
      "dependencies": {
        "uc.micro": "^2.0.0"
      }
    },
    "node_modules/lunr": {
      "version": "2.3.9",
      "resolved": "https://registry.npmjs.org/lunr/-/lunr-2.3.9.tgz",
      "integrity": "sha512-zTU3DaZaF3Rt9rhN3uBMGQD3dD2/vFQqnvZCDv4dl5iOzq2IZQqTxu90r4E5J+nP70J3ilqVCrbho2eWaeW8Ow==",
      "dev": true,
      "license": "MIT"
    },
    "node_modules/markdown-it": {
      "version": "14.3.0",
      "resolved": "https://registry.npmjs.org/markdown-it/-/markdown-it-14.3.0.tgz",
      "integrity": "sha512-RCEsPjR+sr0x+AuYp601tKTkgFG4YEPLCzHST3cQ/fhlJkqAkz1L2/Qbp1j9qw5SBwQHFBoW8+hoN5xssOF0Tw==",
      "dev": true,
      "funding": [
        {
          "type": "github",
          "url": "https://github.com/sponsors/puzrin"
        },
        {
          "type": "github",
          "url": "https://github.com/sponsors/markdown-it"
        }
      ],
      "license": "MIT",
      "dependencies": {
        "argparse": "^2.0.1",
        "entities": "^4.5.0",
        "linkify-it": "^5.0.2",
        "mdurl": "^2.0.0",
        "punycode.js": "^2.3.1",
        "uc.micro": "^2.1.0"
      },
      "bin": {
        "markdown-it": "bin/markdown-it.mjs"
      }
    },
    "node_modules/mdurl": {
      "version": "2.1.0",
      "resolved": "https://registry.npmjs.org/mdurl/-/mdurl-2.1.0.tgz",
      "integrity": "sha512-1+HBaOx0zi/dQWht8rNv9MYf9qqpqL/kxI0hXImU6Y547zM6Sni8BQibt7ifgMcYtQg41ao3Ivd6cnSM86inpg==",
      "dev": true,
      "license": "MIT"
    },
    "node_modules/minimatch": {
      "version": "10.2.6",
      "resolved": "https://registry.npmjs.org/minimatch/-/minimatch-10.2.6.tgz",
      "integrity": "sha512-vpLQEs+VLCr1nU0BXS07maYoFwlDAH0gngQuuttxIwutDFEMHq2blX+8vpgxDdK3J1PwjCJiep77OitTZ4Ll1A==",
      "dev": true,
      "license": "BlueOak-1.0.0",
      "dependencies": {
        "brace-expansion": "^5.0.8"
      },
      "engines": {
        "node": "18 || 20 || >=22"
      },
      "funding": {
        "url": "https://github.com/sponsors/isaacs"
      }
    },
    "node_modules/punycode.js": {
      "version": "2.3.1",
      "resolved": "https://registry.npmjs.org/punycode.js/-/punycode.js-2.3.1.tgz",
      "integrity": "sha512-uxFIHU0YlHYhDQtV4R9J6a52SLx28BCjT+4ieh7IGbgwVJWO+km431c4yRlREUAsAmt/uMjQUyQHNEPf0M39CA==",
      "dev": true,
      "license": "MIT",
      "engines": {
        "node": ">=6"
      }
    },
    "node_modules/tslib": {
      "version": "2.8.1",
      "resolved": "https://registry.npmjs.org/tslib/-/tslib-2.8.1.tgz",
      "integrity": "sha512-oJFu94HQb+KVduSUQL7wnpmqnfmLsOA/nAh6b6EH0wCEoK0/mPeXU6c3wKDV83MkOuHPRHtSXKKU99IBazS/2w==",
      "license": "0BSD",
      "optional": true
    },
    "node_modules/typedoc": {
      "version": "0.28.20",
      "resolved": "https://registry.npmjs.org/typedoc/-/typedoc-0.28.20.tgz",
      "integrity": "sha512-uSKqkh8Cr48vllnEy+jdaAgOeR6Y+QCBW7usgUsKj7gJEfR7stw9U/fE49LBnj2tPRKPY0c0EBJSWe9Appmplg==",
      "dev": true,
      "license": "Apache-2.0",
      "dependencies": {
        "@gerrit0/mini-shiki": "^3.23.0",
        "lunr": "^2.3.9",
        "markdown-it": "^14.3.0",
        "minimatch": "^10.2.5",
        "yaml": "^2.9.0"
      },
      "bin": {
        "typedoc": "bin/typedoc"
      },
      "engines": {
        "node": ">= 18",
        "pnpm": ">= 10"
      },
      "peerDependencies": {
        "typescript": "5.0.x || 5.1.x || 5.2.x || 5.3.x || 5.4.x || 5.5.x || 5.6.x || 5.7.x || 5.8.x || 5.9.x || 6.0.x"
      }
    },
    "node_modules/typescript": {
      "version": "6.0.3",
      "resolved": "https://registry.npmjs.org/typescript/-/typescript-6.0.3.tgz",
      "integrity": "sha512-y2TvuxSZPDyQakkFRPZHKFm+KKVqIisdg9/CZwm9ftvKXLP8NRWj38/ODjNbr43SsoXqNuAisEf1GdCxqWcdBw==",
      "dev": true,
      "license": "Apache-2.0",
      "peer": true,
      "bin": {
        "tsc": "bin/tsc",
        "tsserver": "bin/tsserver"
      },
      "engines": {
        "node": ">=14.17"
      }
    },
    "node_modules/uc.micro": {
      "version": "2.1.0",
      "resolved": "https://registry.npmjs.org/uc.micro/-/uc.micro-2.1.0.tgz",
      "integrity": "sha512-ARDJmphmdvUk6Glw7y9DQ2bFkKBHwQHLi2lsaH6PPmz/Ka9sFOBsBluozhDltWmnv9u/cF6Rt87znRTPV+yp/A==",
      "dev": true,
      "license": "MIT"
    },
    "node_modules/undici-types": {
      "version": "8.3.0",
      "resolved": "https://registry.npmjs.org/undici-types/-/undici-types-8.3.0.tgz",
      "integrity": "sha512-j375ScV60dom+YkPFIfTLcOiPxkN/buHz5GobjLhixFuANaNs3C9l4GmrWqejgXWJ7BbJcFYpTEUkS1Ge8bpZQ==",
      "dev": true,
      "license": "MIT"
    },
    "node_modules/ws": {
      "version": "8.21.3",
      "resolved": "https://registry.npmjs.org/ws/-/ws-8.21.3.tgz",
      "integrity": "sha512-201TZ/kPWxoPr/OKWjquZR1SWKXcvxdH+e1xrx89b3YbmzLMFCLfnaG1HFIgWzJOEWZ7MvpK++odZufgYR50Rw==",
      "license": "MIT",
      "engines": {
        "node": ">=10.0.0"
      },
      "peerDependencies": {
        "bufferutil": "^4.0.1",
        "utf-8-validate": ">=5.0.2"
      },
      "peerDependenciesMeta": {
        "bufferutil": {
          "optional": true
        },
        "utf-8-validate": {
          "optional": true
        }
      }
    },
    "node_modules/yaml": {
      "version": "2.9.0",
      "resolved": "https://registry.npmjs.org/yaml/-/yaml-2.9.0.tgz",
      "integrity": "sha512-2AvhNX3mb8zd6Zy7INTtSpl1F15HW6Wnqj0srWlkKLcpYl/gMIMJiyuGq2KeI2YFxUPjdlB+3Lc10seMLtL4cA==",
      "dev": true,
      "license": "ISC",
      "bin": {
        "yaml": "bin.mjs"
      },
      "engines": {
        "node": ">= 14.6"
      },
      "funding": {
        "url": "https://github.com/sponsors/eemeli"
      }
    }
  }
}
