{
  "name": "detritus-client-socket",
  "version": "0.9.0-beta.5",
  "lockfileVersion": 3,
  "requires": true,
  "packages": {
    "": {
      "name": "detritus-client-socket",
      "version": "0.9.0-beta.5",
      "license": "MIT",
      "dependencies": {
        "@hpke/core": "^1.7.2",
        "@noble/curves": "^1.9.1",
        "@snazzah/davey": "^0.1.4",
        "detritus-utils": "^0.4.0",
        "libsodium-wrappers": "^0.7.15",
        "ws": "^8.18.2"
      },
      "devDependencies": {
        "@types/node": "^20.14.10"
      },
      "peerDependencies": {
        "erlpack": "^0.1.4",
        "uws": "^10.148.1"
      },
      "peerDependenciesMeta": {
        "erlpack": {
          "optional": true
        },
        "libsodium-wrappers": {
          "optional": true
        },
        "sodium": {
          "optional": true
        },
        "tweetnacl": {
          "optional": true
        },
        "uws": {
          "optional": true
        }
      }
    },
    "node_modules/@emnapi/core": {
      "version": "1.4.3",
      "resolved": "https://registry.npmjs.org/@emnapi/core/-/core-1.4.3.tgz",
      "integrity": "sha512-4m62DuCE07lw01soJwPiBGC0nAww0Q+RY70VZ+n49yDIO13yyinhbWCeNnaob0lakDtWQzSdtNWzJeOJt2ma+g==",
      "optional": true,
      "dependencies": {
        "@emnapi/wasi-threads": "1.0.2",
        "tslib": "^2.4.0"
      }
    },
    "node_modules/@emnapi/runtime": {
      "version": "1.4.3",
      "resolved": "https://registry.npmjs.org/@emnapi/runtime/-/runtime-1.4.3.tgz",
      "integrity": "sha512-pBPWdu6MLKROBX05wSNKcNb++m5Er+KQ9QkB+WVM+pW2Kx9hoSrVTnu3BdkI5eBLZoKu/J6mW/B6i6bJB2ytXQ==",
      "optional": true,
      "dependencies": {
        "tslib": "^2.4.0"
      }
    },
    "node_modules/@emnapi/wasi-threads": {
      "version": "1.0.2",
      "resolved": "https://registry.npmjs.org/@emnapi/wasi-threads/-/wasi-threads-1.0.2.tgz",
      "integrity": "sha512-5n3nTJblwRi8LlXkJ9eBzu+kZR8Yxcc7ubakyQTFzPMtIhFpUBRbsnc2Dv88IZDIbCDlBiWrknhB4Lsz7mg6BA==",
      "optional": true,
      "dependencies": {
        "tslib": "^2.4.0"
      }
    },
    "node_modules/@hpke/common": {
      "version": "1.7.2",
      "resolved": "https://registry.npmjs.org/@hpke/common/-/common-1.7.2.tgz",
      "integrity": "sha512-x8wGc1S3ANyQpbTXxhDuzQwzZn9IDaOARpEq/QzDyWFBEhOFyN8mJd6oMnvFkxe0H96JFgIU6eI4G2aaNxgFJQ==",
      "engines": {
        "node": ">=16.0.0"
      }
    },
    "node_modules/@hpke/core": {
      "version": "1.7.2",
      "resolved": "https://registry.npmjs.org/@hpke/core/-/core-1.7.2.tgz",
      "integrity": "sha512-WPsy/Wp1oF+47EVfQdXG55TGS+rOKAAZJ4W/4BFnTENGGq/EAJeX1h0ooCarkqWrJsREsrpa4EiIZkz1m8hMOA==",
      "dependencies": {
        "@hpke/common": "^1.7.2"
      },
      "engines": {
        "node": ">=16.0.0"
      }
    },
    "node_modules/@napi-rs/wasm-runtime": {
      "version": "0.2.10",
      "resolved": "https://registry.npmjs.org/@napi-rs/wasm-runtime/-/wasm-runtime-0.2.10.tgz",
      "integrity": "sha512-bCsCyeZEwVErsGmyPNSzwfwFn4OdxBj0mmv6hOFucB/k81Ojdu68RbZdxYsRQUPc9l6SU5F/cG+bXgWs3oUgsQ==",
      "optional": true,
      "dependencies": {
        "@emnapi/core": "^1.4.3",
        "@emnapi/runtime": "^1.4.3",
        "@tybys/wasm-util": "^0.9.0"
      }
    },
    "node_modules/@noble/curves": {
      "version": "1.9.1",
      "resolved": "https://registry.npmjs.org/@noble/curves/-/curves-1.9.1.tgz",
      "integrity": "sha512-k11yZxZg+t+gWvBbIswW0yoJlu8cHOC7dhunwOzoWH/mXGBiYyR4YY6hAEK/3EUs4UpB8la1RfdRpeGsFHkWsA==",
      "dependencies": {
        "@noble/hashes": "1.8.0"
      },
      "engines": {
        "node": "^14.21.3 || >=16"
      },
      "funding": {
        "url": "https://paulmillr.com/funding/"
      }
    },
    "node_modules/@noble/hashes": {
      "version": "1.8.0",
      "resolved": "https://registry.npmjs.org/@noble/hashes/-/hashes-1.8.0.tgz",
      "integrity": "sha512-jCs9ldd7NwzpgXDIf6P3+NrHh9/sD6CQdxHyjQI+h/6rDNo88ypBxxz45UDuZHz9r3tNz7N/VInSVoVdtXEI4A==",
      "engines": {
        "node": "^14.21.3 || >=16"
      },
      "funding": {
        "url": "https://paulmillr.com/funding/"
      }
    },
    "node_modules/@snazzah/davey": {
      "version": "0.1.4",
      "resolved": "https://registry.npmjs.org/@snazzah/davey/-/davey-0.1.4.tgz",
      "integrity": "sha512-9FHhRDOw4cF+dhC4O5Tz0hPUrh9zD+f6HIlwsLEIiJF9AK7jTvxsMKnvDTvEG5DfuevbeIh1U/BpFQC1mRya9Q==",
      "engines": {
        "node": ">= 10"
      },
      "funding": {
        "url": "https://github.com/sponsors/Snazzah"
      },
      "optionalDependencies": {
        "@snazzah/davey-android-arm-eabi": "0.1.4",
        "@snazzah/davey-android-arm64": "0.1.4",
        "@snazzah/davey-darwin-arm64": "0.1.4",
        "@snazzah/davey-darwin-x64": "0.1.4",
        "@snazzah/davey-freebsd-x64": "0.1.4",
        "@snazzah/davey-linux-arm-gnueabihf": "0.1.4",
        "@snazzah/davey-linux-arm64-gnu": "0.1.4",
        "@snazzah/davey-linux-arm64-musl": "0.1.4",
        "@snazzah/davey-linux-x64-gnu": "0.1.4",
        "@snazzah/davey-linux-x64-musl": "0.1.4",
        "@snazzah/davey-wasm32-wasi": "0.1.4",
        "@snazzah/davey-win32-arm64-msvc": "0.1.4",
        "@snazzah/davey-win32-ia32-msvc": "0.1.4",
        "@snazzah/davey-win32-x64-msvc": "0.1.4"
      }
    },
    "node_modules/@snazzah/davey-android-arm-eabi": {
      "version": "0.1.4",
      "resolved": "https://registry.npmjs.org/@snazzah/davey-android-arm-eabi/-/davey-android-arm-eabi-0.1.4.tgz",
      "integrity": "sha512-ctqXvjUgm763xUd7mzrOO2ImtFYPbbSK7otcb1YdMqXlzYlf51/jvWV8psEz2x8T8sxoKtT111byOM9ngySq2A==",
      "cpu": [
        "arm"
      ],
      "optional": true,
      "os": [
        "android"
      ],
      "engines": {
        "node": ">= 10"
      }
    },
    "node_modules/@snazzah/davey-android-arm64": {
      "version": "0.1.4",
      "resolved": "https://registry.npmjs.org/@snazzah/davey-android-arm64/-/davey-android-arm64-0.1.4.tgz",
      "integrity": "sha512-tTCnKUG9BtXDV9yCOJ15Vb/e1PWf40llaun0OHyffZqb60VeGjM1wvFrxq4UifcalcgbxQiDRl0WTYzYe3WYrw==",
      "cpu": [
        "arm64"
      ],
      "optional": true,
      "os": [
        "android"
      ],
      "engines": {
        "node": ">= 10"
      }
    },
    "node_modules/@snazzah/davey-darwin-arm64": {
      "version": "0.1.4",
      "resolved": "https://registry.npmjs.org/@snazzah/davey-darwin-arm64/-/davey-darwin-arm64-0.1.4.tgz",
      "integrity": "sha512-UKVEttv14bq2x6QWqYqQB4W+tnxRt8dNVGpeHDdhmSL3TszWTkrWHEpXEvMnSzH2RBXGFTogSt5UEG/nF4Ufnw==",
      "cpu": [
        "arm64"
      ],
      "optional": true,
      "os": [
        "darwin"
      ],
      "engines": {
        "node": ">= 10"
      }
    },
    "node_modules/@snazzah/davey-darwin-x64": {
      "version": "0.1.4",
      "resolved": "https://registry.npmjs.org/@snazzah/davey-darwin-x64/-/davey-darwin-x64-0.1.4.tgz",
      "integrity": "sha512-6EUvGpaGQe5NJot9n1MvTi2S67o2aXpQKNkuyh0Ov3ylSxY3aI1D5P4yNg2GRBSDNY6QNOR9XZmFFYFwr2KlEg==",
      "cpu": [
        "x64"
      ],
      "optional": true,
      "os": [
        "darwin"
      ],
      "engines": {
        "node": ">= 10"
      }
    },
    "node_modules/@snazzah/davey-freebsd-x64": {
      "version": "0.1.4",
      "resolved": "https://registry.npmjs.org/@snazzah/davey-freebsd-x64/-/davey-freebsd-x64-0.1.4.tgz",
      "integrity": "sha512-UAoCXR1ENCZ+ubHnmUz1qNftzacmXiRONlzyaUjuSu9zSjr3Hz19ta8mjjqxOhRaq1wgOz0o7qbu64ADFKiQtA==",
      "cpu": [
        "x64"
      ],
      "optional": true,
      "os": [
        "freebsd"
      ],
      "engines": {
        "node": ">= 10"
      }
    },
    "node_modules/@snazzah/davey-linux-arm-gnueabihf": {
      "version": "0.1.4",
      "resolved": "https://registry.npmjs.org/@snazzah/davey-linux-arm-gnueabihf/-/davey-linux-arm-gnueabihf-0.1.4.tgz",
      "integrity": "sha512-Et2QPAAlBdZe0AhR7hlov2kEws4o2B5n1ZzBSbXn20WRwzbc+OQlj9E7bw4gbZ3LJmGkCYviwa6Z6Q5e13RPNg==",
      "cpu": [
        "arm"
      ],
      "optional": true,
      "os": [
        "linux"
      ],
      "engines": {
        "node": ">= 10"
      }
    },
    "node_modules/@snazzah/davey-linux-arm64-gnu": {
      "version": "0.1.4",
      "resolved": "https://registry.npmjs.org/@snazzah/davey-linux-arm64-gnu/-/davey-linux-arm64-gnu-0.1.4.tgz",
      "integrity": "sha512-KgjYCgFmEpnls6nKZ7EOj55AEmIq2pJkjVVcLDwmR1WYvqxifbQ9Ue88uqiyoNbOcf/CaMAFdhnqjlALETao5Q==",
      "cpu": [
        "arm64"
      ],
      "optional": true,
      "os": [
        "linux"
      ],
      "engines": {
        "node": ">= 10"
      }
    },
    "node_modules/@snazzah/davey-linux-arm64-musl": {
      "version": "0.1.4",
      "resolved": "https://registry.npmjs.org/@snazzah/davey-linux-arm64-musl/-/davey-linux-arm64-musl-0.1.4.tgz",
      "integrity": "sha512-mboVBp/aSvOgdiu0lGi2l5HQBOfGZ6bwTU7uPb3HVnKEHzQWByKbTmpp18ns7eE7Q8vNj3tnmQrj4AG5t/38Rg==",
      "cpu": [
        "arm64"
      ],
      "optional": true,
      "os": [
        "linux"
      ],
      "engines": {
        "node": ">= 10"
      }
    },
    "node_modules/@snazzah/davey-linux-x64-gnu": {
      "version": "0.1.4",
      "resolved": "https://registry.npmjs.org/@snazzah/davey-linux-x64-gnu/-/davey-linux-x64-gnu-0.1.4.tgz",
      "integrity": "sha512-cPkcBQ+6RjMKv/LmC0Acsd35tdV/EKxSrI86YyrpIm/oLKwqNx7sVFwkiRrmKuch9Xew4gOuuTwZ8g1A17Equg==",
      "cpu": [
        "x64"
      ],
      "optional": true,
      "os": [
        "linux"
      ],
      "engines": {
        "node": ">= 10"
      }
    },
    "node_modules/@snazzah/davey-linux-x64-musl": {
      "version": "0.1.4",
      "resolved": "https://registry.npmjs.org/@snazzah/davey-linux-x64-musl/-/davey-linux-x64-musl-0.1.4.tgz",
      "integrity": "sha512-sBFwbki5nq9TbDfop3CHipBagEVAb+wwV9xROD8rvXRy+SSW0gJqWa4IjAbK5a+vFb9BIKJkv77lH/zOEI177A==",
      "cpu": [
        "x64"
      ],
      "optional": true,
      "os": [
        "linux"
      ],
      "engines": {
        "node": ">= 10"
      }
    },
    "node_modules/@snazzah/davey-wasm32-wasi": {
      "version": "0.1.4",
      "resolved": "https://registry.npmjs.org/@snazzah/davey-wasm32-wasi/-/davey-wasm32-wasi-0.1.4.tgz",
      "integrity": "sha512-EfrP0IOsa0f9SWcpBy4pA4zU3XpvEOc8fPIlI9k/2mtKRg0bLYM2eGQYgZY1ONJqS0fsTr0zZ73ENKv50Vzm9g==",
      "cpu": [
        "wasm32"
      ],
      "optional": true,
      "dependencies": {
        "@napi-rs/wasm-runtime": "^0.2.10"
      },
      "engines": {
        "node": ">=14.0.0"
      }
    },
    "node_modules/@snazzah/davey-win32-arm64-msvc": {
      "version": "0.1.4",
      "resolved": "https://registry.npmjs.org/@snazzah/davey-win32-arm64-msvc/-/davey-win32-arm64-msvc-0.1.4.tgz",
      "integrity": "sha512-iXkHpNhXmFyns1DCZk4RsSpnpikWy3Pb1G6Z7Nnhqx7XBaJsADpwHjlS6O77y4ede9B6gBX4Ix85ZQmXR7xnww==",
      "cpu": [
        "arm64"
      ],
      "optional": true,
      "os": [
        "win32"
      ],
      "engines": {
        "node": ">= 10"
      }
    },
    "node_modules/@snazzah/davey-win32-ia32-msvc": {
      "version": "0.1.4",
      "resolved": "https://registry.npmjs.org/@snazzah/davey-win32-ia32-msvc/-/davey-win32-ia32-msvc-0.1.4.tgz",
      "integrity": "sha512-MdGGino2uhUeeEqcIbTUBiUMlF14PKJKAu8dp8bemvgvs/BJn6Xl8TNxDAQPS72c3ttrLn5a1UV7YP5GDP1cYw==",
      "cpu": [
        "ia32"
      ],
      "optional": true,
      "os": [
        "win32"
      ],
      "engines": {
        "node": ">= 10"
      }
    },
    "node_modules/@snazzah/davey-win32-x64-msvc": {
      "version": "0.1.4",
      "resolved": "https://registry.npmjs.org/@snazzah/davey-win32-x64-msvc/-/davey-win32-x64-msvc-0.1.4.tgz",
      "integrity": "sha512-mJWHSeWVhQZOTZDqHKiRdekkIj8FqItLSXa0W33n8q0yMTp+2h//GnpIIn9ohgu8HKFz+T/rhEHMPm1hEzDeaA==",
      "cpu": [
        "x64"
      ],
      "optional": true,
      "os": [
        "win32"
      ],
      "engines": {
        "node": ">= 10"
      }
    },
    "node_modules/@tybys/wasm-util": {
      "version": "0.9.0",
      "resolved": "https://registry.npmjs.org/@tybys/wasm-util/-/wasm-util-0.9.0.tgz",
      "integrity": "sha512-6+7nlbMVX/PVDCwaIQ8nTOPveOcFLSt8GcXdx8hD0bt39uWxYT88uXzqTd4fTvqta7oeUJqudepapKNt2DYJFw==",
      "optional": true,
      "dependencies": {
        "tslib": "^2.4.0"
      }
    },
    "node_modules/@types/node": {
      "version": "20.14.10",
      "resolved": "https://registry.npmjs.org/@types/node/-/node-20.14.10.tgz",
      "integrity": "sha512-MdiXf+nDuMvY0gJKxyfZ7/6UFsETO7mGKF54MVD/ekJS6HdFtpZFBgrh6Pseu64XTb2MLyFPlbW6hj8HYRQNOQ==",
      "dev": true,
      "dependencies": {
        "undici-types": "~5.26.4"
      }
    },
    "node_modules/bindings": {
      "version": "1.5.0",
      "resolved": "https://registry.npmjs.org/bindings/-/bindings-1.5.0.tgz",
      "integrity": "sha512-p2q/t/mhvuOj/UeLlV6566GD/guowlr0hHxClI0W9m7MWYkL1F0hLo+0Aexs9HSPCtR1SXQ0TD3MMKrXZajbiQ==",
      "optional": true,
      "peer": true,
      "dependencies": {
        "file-uri-to-path": "1.0.0"
      }
    },
    "node_modules/detritus-utils": {
      "version": "0.4.0",
      "resolved": "https://registry.npmjs.org/detritus-utils/-/detritus-utils-0.4.0.tgz",
      "integrity": "sha512-XO9crk1eCOecajzOg4WMsvcgXV/3GAltV0nt+kXXmglwcKyh/5DpQ7jmQ/2HycEN0dGBdgLCLPzYMxrWPN9gpw==",
      "peerDependencies": {
        "eventemitter3": "^4.0.7"
      },
      "peerDependenciesMeta": {
        "eventemitter3": {
          "optional": true
        }
      }
    },
    "node_modules/erlpack": {
      "version": "0.1.4",
      "resolved": "https://registry.npmjs.org/erlpack/-/erlpack-0.1.4.tgz",
      "integrity": "sha512-CJYbkEvsB5FqCCu2tLxF1eYKi28PvemC12oqzJ9oO6mDFrFO9G9G7nNJUHhiAyyL9zfXTOJx/tOcrQk+ncD65w==",
      "hasInstallScript": true,
      "optional": true,
      "peer": true,
      "dependencies": {
        "bindings": "^1.5.0",
        "nan": "^2.15.0"
      }
    },
    "node_modules/file-uri-to-path": {
      "version": "1.0.0",
      "resolved": "https://registry.npmjs.org/file-uri-to-path/-/file-uri-to-path-1.0.0.tgz",
      "integrity": "sha512-0Zt+s3L7Vf1biwWZ29aARiVYLx7iMGnEUl9x33fbB/j3jR81u/O2LbqK+Bm1CDSNDKVtJ/YjwY7TUd5SkeLQLw==",
      "optional": true,
      "peer": true
    },
    "node_modules/libsodium": {
      "version": "0.7.15",
      "resolved": "https://registry.npmjs.org/libsodium/-/libsodium-0.7.15.tgz",
      "integrity": "sha512-sZwRknt/tUpE2AwzHq3jEyUU5uvIZHtSssktXq7owd++3CSgn8RGrv6UZJJBpP7+iBghBqe7Z06/2M31rI2NKw=="
    },
    "node_modules/libsodium-wrappers": {
      "version": "0.7.15",
      "resolved": "https://registry.npmjs.org/libsodium-wrappers/-/libsodium-wrappers-0.7.15.tgz",
      "integrity": "sha512-E4anqJQwcfiC6+Yrl01C1m8p99wEhLmJSs0VQqST66SbQXXBoaJY0pF4BNjRYa/sOQAxx6lXAaAFIlx+15tXJQ==",
      "dependencies": {
        "libsodium": "^0.7.15"
      }
    },
    "node_modules/nan": {
      "version": "2.20.0",
      "resolved": "https://registry.npmjs.org/nan/-/nan-2.20.0.tgz",
      "integrity": "sha512-bk3gXBZDGILuuo/6sKtr0DQmSThYHLtNCdSdXk9YkxD/jK6X2vmCyyXBBxyqZ4XcnzTyYEAThfX3DCEnLf6igw==",
      "optional": true,
      "peer": true
    },
    "node_modules/tslib": {
      "version": "2.8.1",
      "resolved": "https://registry.npmjs.org/tslib/-/tslib-2.8.1.tgz",
      "integrity": "sha512-oJFu94HQb+KVduSUQL7wnpmqnfmLsOA/nAh6b6EH0wCEoK0/mPeXU6c3wKDV83MkOuHPRHtSXKKU99IBazS/2w==",
      "optional": true
    },
    "node_modules/undici-types": {
      "version": "5.26.5",
      "resolved": "https://registry.npmjs.org/undici-types/-/undici-types-5.26.5.tgz",
      "integrity": "sha512-JlCMO+ehdEIKqlFxk6IfVoAUVmgz7cU7zD/h9XZ0qzeosSHmUJVOzSQvvYSYWXkFXC+IfLKSIffhv0sVZup6pA==",
      "dev": true
    },
    "node_modules/uws": {
      "version": "10.148.1",
      "resolved": "https://registry.npmjs.org/uws/-/uws-10.148.1.tgz",
      "integrity": "sha512-u19vxJv5Qugg318oARx5s53Rboz8n6B45rGZ73x5Qfe57cIPqWm3yBh04SkxXPGaF3S/DowdPROp+sTEv+Dc7w==",
      "deprecated": "New code is available at github.com/uNetworking/uWebSockets.js",
      "optional": true,
      "peer": true,
      "engines": {
        "node": ">=8"
      }
    },
    "node_modules/ws": {
      "version": "8.18.2",
      "resolved": "https://registry.npmjs.org/ws/-/ws-8.18.2.tgz",
      "integrity": "sha512-DMricUmwGZUVr++AEAe2uiVM7UoO9MAVZMDu05UQOaUII0lp+zOzLLU4Xqh/JvTqklB1T4uELaaPBKyjE1r4fQ==",
      "engines": {
        "node": ">=10.0.0"
      },
      "peerDependencies": {
        "bufferutil": "^4.0.1",
        "utf-8-validate": ">=5.0.2"
      },
      "peerDependenciesMeta": {
        "bufferutil": {
          "optional": true
        },
        "utf-8-validate": {
          "optional": true
        }
      }
    }
  }
}
