lockfileVersion: '9.0'

settings:
  autoInstallPeers: true
  excludeLinksFromLockfile: false

importers:

  .:
    dependencies:
      '@hpke/core':
        specifier: ^1.7.2
        version: 1.7.5
      '@noble/curves':
        specifier: ^1.9.1
        version: 1.9.7
      '@snazzah/davey':
        specifier: ^0.1.9
        version: 0.1.9
      detritus-utils:
        specifier: ^0.4.0
        version: 0.4.0
      libsodium-wrappers:
        specifier: ^0.7.15
        version: 0.7.16
      ws:
        specifier: ^8.18.2
        version: 8.19.0
    devDependencies:
      '@types/node':
        specifier: ^20.14.10
        version: 20.19.33

packages:

  '@emnapi/core@1.8.1':
    resolution: {integrity: sha512-AvT9QFpxK0Zd8J0jopedNm+w/2fIzvtPKPjqyw9jwvBaReTTqPBk9Hixaz7KbjimP+QNz605/XnjFcDAL2pqBg==}

  '@emnapi/runtime@1.8.1':
    resolution: {integrity: sha512-mehfKSMWjjNol8659Z8KxEMrdSJDDot5SXMq00dM8BN4o+CLNXQ0xH2V7EchNHV4RmbZLmmPdEaXZc5H2FXmDg==}

  '@emnapi/wasi-threads@1.1.0':
    resolution: {integrity: sha512-WI0DdZ8xFSbgMjR1sFsKABJ/C5OnRrjT06JXbZKexJGrDuPTzZdDYfFlsgcCXCyf+suG5QU2e/y1Wo2V/OapLQ==}

  '@hpke/common@1.8.1':
    resolution: {integrity: sha512-PSI4QSxH8XDli0TqAsWycVfrLLCM/bBe+hVlJwtuJJiKIvCaFS3CXX/WtRfJceLJye9NHc2J7GvHVCY9B1BEbA==}
    engines: {node: '>=16.0.0'}

  '@hpke/core@1.7.5':
    resolution: {integrity: sha512-4xfckZuPaIodeu0HpuTRIdtmajhRHXM/6rjS2N62Ns9aOCkGbbeYRwktqR3bUScuhCwyEBsEQqtIh9f0iLP3WQ==}
    engines: {node: '>=16.0.0'}

  '@napi-rs/wasm-runtime@1.1.1':
    resolution: {integrity: sha512-p64ah1M1ld8xjWv3qbvFwHiFVWrq1yFvV4f7w+mzaqiR4IlSgkqhcRdHwsGgomwzBH51sRY4NEowLxnaBjcW/A==}

  '@noble/curves@1.9.7':
    resolution: {integrity: sha512-gbKGcRUYIjA3/zCCNaWDciTMFI0dCkvou3TL8Zmy5Nc7sJ47a0jtOeZoTaMxkuqRo9cRhjOdZJXegxYE5FN/xw==}
    engines: {node: ^14.21.3 || >=16}

  '@noble/hashes@1.8.0':
    resolution: {integrity: sha512-jCs9ldd7NwzpgXDIf6P3+NrHh9/sD6CQdxHyjQI+h/6rDNo88ypBxxz45UDuZHz9r3tNz7N/VInSVoVdtXEI4A==}
    engines: {node: ^14.21.3 || >=16}

  '@snazzah/davey-android-arm-eabi@0.1.9':
    resolution: {integrity: sha512-Dq0WyeVGBw+uQbisV/6PeCQV2ndJozfhZqiNIfQxu6ehIdXB7iHILv+oY+AQN2n+qxiFmLh/MOX9RF+pIWdPbA==}
    engines: {node: '>= 10'}
    cpu: [arm]
    os: [android]

  '@snazzah/davey-android-arm64@0.1.9':
    resolution: {integrity: sha512-OE16OZjv7F/JrD7Mzw5eL2gY2vXRPC8S7ZrmkcMyz/sHHJsGHlT+L7X5s56Bec1YDTVmzAsH4UBuvVBoXuIWEQ==}
    engines: {node: '>= 10'}
    cpu: [arm64]
    os: [android]

  '@snazzah/davey-darwin-arm64@0.1.9':
    resolution: {integrity: sha512-z7oORvAPExikFkH6tvHhbUdZd77MYZp9VqbCpKEiI+sisWFVXgHde7F7iH3G4Bz6gUYJfgvKhWXiDRc+0SC4dg==}
    engines: {node: '>= 10'}
    cpu: [arm64]
    os: [darwin]

  '@snazzah/davey-darwin-x64@0.1.9':
    resolution: {integrity: sha512-f1LzGyRGlM414KpXml3OgWVSd7CgylcdYaFj/zDBb8bvWjxyvsI9iMeuPfe/cduloxRj8dELde/yCDZtFR6PdQ==}
    engines: {node: '>= 10'}
    cpu: [x64]
    os: [darwin]

  '@snazzah/davey-freebsd-x64@0.1.9':
    resolution: {integrity: sha512-k6p3JY2b8rD6j0V9Ql7kBUMR4eJdcpriNwiHltLzmtGuz/nK5RGQdkEP68gTLc+Uj3xs5Cy0jRKmv2xJQBR4sA==}
    engines: {node: '>= 10'}
    cpu: [x64]
    os: [freebsd]

  '@snazzah/davey-linux-arm-gnueabihf@0.1.9':
    resolution: {integrity: sha512-xDaAFUC/1+n/YayNwKsqKOBMuW0KI6F0SjgWU+krYTQTVmAKNjOM80IjemrVoqTpBOxBsT80zEtct2wj11CE3Q==}
    engines: {node: '>= 10'}
    cpu: [arm]
    os: [linux]

  '@snazzah/davey-linux-arm64-gnu@0.1.9':
    resolution: {integrity: sha512-t1VxFBzWExPNpsNY/9oStdAAuHqFvwZvIO2YPYyVNstxfi2KmAbHMweHUW7xb2ppXuhVQZ4VGmmeXiXcXqhPBw==}
    engines: {node: '>= 10'}
    cpu: [arm64]
    os: [linux]

  '@snazzah/davey-linux-arm64-musl@0.1.9':
    resolution: {integrity: sha512-Xvlr+nBPzuFV4PXHufddlt08JsEyu0p8mX2DpqdPxdpysYIH4I8V86yJiS4tk04a6pLBDd8IxTbBwvXJKqd/LQ==}
    engines: {node: '>= 10'}
    cpu: [arm64]
    os: [linux]

  '@snazzah/davey-linux-x64-gnu@0.1.9':
    resolution: {integrity: sha512-6Uunc/NxiEkg1reroAKZAGfOtjl1CGa7hfTTVClb2f+DiA8ZRQWBh+3lgkq/0IeL262B4F14X8QRv5Bsv128qw==}
    engines: {node: '>= 10'}
    cpu: [x64]
    os: [linux]

  '@snazzah/davey-linux-x64-musl@0.1.9':
    resolution: {integrity: sha512-fFQ/n3aWt1lXhxSdy+Ge3gi5bR3VETMVsWhH0gwBALUKrbo3ZzgSktm4lNrXE9i0ncMz/CDpZ5i0wt/N3XphEQ==}
    engines: {node: '>= 10'}
    cpu: [x64]
    os: [linux]

  '@snazzah/davey-wasm32-wasi@0.1.9':
    resolution: {integrity: sha512-xWvzej8YCVlUvzlpmqJMIf0XmLlHqulKZ2e7WNe2TxQmsK+o0zTZqiQYs2MwaEbrNXBhYlHDkdpuwoXkJdscNQ==}
    engines: {node: '>=14.0.0'}
    cpu: [wasm32]

  '@snazzah/davey-win32-arm64-msvc@0.1.9':
    resolution: {integrity: sha512-sTqry/DfltX2OdW1CTLKa3dFYN5FloAEb2yhGsY1i5+Bms6OhwByXfALvyMHYVo61Th2+sD+9BJpQffHFKDA3w==}
    engines: {node: '>= 10'}
    cpu: [arm64]
    os: [win32]

  '@snazzah/davey-win32-ia32-msvc@0.1.9':
    resolution: {integrity: sha512-twD3LwlkGnSwphsCtpGb5ztpBIWEvGdc0iujoVkdzZ6nJiq5p8iaLjJMO4hBm9h3s28fc+1Qd7AMVnagiOasnA==}
    engines: {node: '>= 10'}
    cpu: [ia32]
    os: [win32]

  '@snazzah/davey-win32-x64-msvc@0.1.9':
    resolution: {integrity: sha512-eMnXbv4GoTngWYY538i/qHz2BS+RgSXFsvKltPzKqnqzPzhQZIY7TemEJn3D5yWGfW4qHve9u23rz93FQqnQMA==}
    engines: {node: '>= 10'}
    cpu: [x64]
    os: [win32]

  '@snazzah/davey@0.1.9':
    resolution: {integrity: sha512-vNZk5y+IsxjwzTAXikvzz5pqMLb35YytC64nVF2MAFVhjpXu9ITOKUriZ0JG/llwzCAi56jb5x0cXDRIyE2A2A==}
    engines: {node: '>= 10'}

  '@tybys/wasm-util@0.10.1':
    resolution: {integrity: sha512-9tTaPJLSiejZKx+Bmog4uSubteqTvFrVrURwkmHixBo0G4seD0zUxp98E1DzUBJxLQ3NPwXrGKDiVjwx/DpPsg==}

  '@types/node@20.19.33':
    resolution: {integrity: sha512-Rs1bVAIdBs5gbTIKza/tgpMuG1k3U/UMJLWecIMxNdJFDMzcM5LOiLVRYh3PilWEYDIeUDv7bpiHPLPsbydGcw==}

  detritus-utils@0.4.0:
    resolution: {integrity: sha512-XO9crk1eCOecajzOg4WMsvcgXV/3GAltV0nt+kXXmglwcKyh/5DpQ7jmQ/2HycEN0dGBdgLCLPzYMxrWPN9gpw==}
    peerDependencies:
      eventemitter3: ^4.0.7
    peerDependenciesMeta:
      eventemitter3:
        optional: true

  libsodium-wrappers@0.7.16:
    resolution: {integrity: sha512-Gtr/WBx4dKjvRL1pvfwZqu7gO6AfrQ0u9vFL+kXihtHf6NfkROR8pjYWn98MFDI3jN19Ii1ZUfPR9afGiPyfHg==}

  libsodium@0.7.16:
    resolution: {integrity: sha512-3HrzSPuzm6Yt9aTYCDxYEG8x8/6C0+ag655Y7rhhWZM9PT4NpdnbqlzXhGZlDnkgR6MeSTnOt/VIyHLs9aSf+Q==}

  tslib@2.8.1:
    resolution: {integrity: sha512-oJFu94HQb+KVduSUQL7wnpmqnfmLsOA/nAh6b6EH0wCEoK0/mPeXU6c3wKDV83MkOuHPRHtSXKKU99IBazS/2w==}

  undici-types@6.21.0:
    resolution: {integrity: sha512-iwDZqg0QAGrg9Rav5H4n0M64c3mkR59cJ6wQp+7C4nI0gsmExaedaYLNO44eT4AtBBwjbTiGPMlt2Md0T9H9JQ==}

  ws@8.19.0:
    resolution: {integrity: sha512-blAT2mjOEIi0ZzruJfIhb3nps74PRWTCz1IjglWEEpQl5XS/UNama6u2/rjFkDDouqr4L67ry+1aGIALViWjDg==}
    engines: {node: '>=10.0.0'}
    peerDependencies:
      bufferutil: ^4.0.1
      utf-8-validate: '>=5.0.2'
    peerDependenciesMeta:
      bufferutil:
        optional: true
      utf-8-validate:
        optional: true

snapshots:

  '@emnapi/core@1.8.1':
    dependencies:
      '@emnapi/wasi-threads': 1.1.0
      tslib: 2.8.1
    optional: true

  '@emnapi/runtime@1.8.1':
    dependencies:
      tslib: 2.8.1
    optional: true

  '@emnapi/wasi-threads@1.1.0':
    dependencies:
      tslib: 2.8.1
    optional: true

  '@hpke/common@1.8.1': {}

  '@hpke/core@1.7.5':
    dependencies:
      '@hpke/common': 1.8.1

  '@napi-rs/wasm-runtime@1.1.1':
    dependencies:
      '@emnapi/core': 1.8.1
      '@emnapi/runtime': 1.8.1
      '@tybys/wasm-util': 0.10.1
    optional: true

  '@noble/curves@1.9.7':
    dependencies:
      '@noble/hashes': 1.8.0

  '@noble/hashes@1.8.0': {}

  '@snazzah/davey-android-arm-eabi@0.1.9':
    optional: true

  '@snazzah/davey-android-arm64@0.1.9':
    optional: true

  '@snazzah/davey-darwin-arm64@0.1.9':
    optional: true

  '@snazzah/davey-darwin-x64@0.1.9':
    optional: true

  '@snazzah/davey-freebsd-x64@0.1.9':
    optional: true

  '@snazzah/davey-linux-arm-gnueabihf@0.1.9':
    optional: true

  '@snazzah/davey-linux-arm64-gnu@0.1.9':
    optional: true

  '@snazzah/davey-linux-arm64-musl@0.1.9':
    optional: true

  '@snazzah/davey-linux-x64-gnu@0.1.9':
    optional: true

  '@snazzah/davey-linux-x64-musl@0.1.9':
    optional: true

  '@snazzah/davey-wasm32-wasi@0.1.9':
    dependencies:
      '@napi-rs/wasm-runtime': 1.1.1
    optional: true

  '@snazzah/davey-win32-arm64-msvc@0.1.9':
    optional: true

  '@snazzah/davey-win32-ia32-msvc@0.1.9':
    optional: true

  '@snazzah/davey-win32-x64-msvc@0.1.9':
    optional: true

  '@snazzah/davey@0.1.9':
    optionalDependencies:
      '@snazzah/davey-android-arm-eabi': 0.1.9
      '@snazzah/davey-android-arm64': 0.1.9
      '@snazzah/davey-darwin-arm64': 0.1.9
      '@snazzah/davey-darwin-x64': 0.1.9
      '@snazzah/davey-freebsd-x64': 0.1.9
      '@snazzah/davey-linux-arm-gnueabihf': 0.1.9
      '@snazzah/davey-linux-arm64-gnu': 0.1.9
      '@snazzah/davey-linux-arm64-musl': 0.1.9
      '@snazzah/davey-linux-x64-gnu': 0.1.9
      '@snazzah/davey-linux-x64-musl': 0.1.9
      '@snazzah/davey-wasm32-wasi': 0.1.9
      '@snazzah/davey-win32-arm64-msvc': 0.1.9
      '@snazzah/davey-win32-ia32-msvc': 0.1.9
      '@snazzah/davey-win32-x64-msvc': 0.1.9

  '@tybys/wasm-util@0.10.1':
    dependencies:
      tslib: 2.8.1
    optional: true

  '@types/node@20.19.33':
    dependencies:
      undici-types: 6.21.0

  detritus-utils@0.4.0: {}

  libsodium-wrappers@0.7.16:
    dependencies:
      libsodium: 0.7.16

  libsodium@0.7.16: {}

  tslib@2.8.1:
    optional: true

  undici-types@6.21.0: {}

  ws@8.19.0: {}
